
Microsoft Visual Studio Solution File, Format Version 12.00
# Visual Studio Version 17
VisualStudioVersion = 17.11.35312.102
MinimumVisualStudioVersion = 10.0.40219.1
Project("{9A19103F-16F7-4668-BE54-9A1E7A4F7556}") = "Patient.API", "Patient.API.csproj", "{5625FFB3-DFCD-40B3-9DCB-B3D61F69501E}"
EndProject
Project("{9A19103F-16F7-4668-BE54-9A1E7A4F7556}") = "Patient.Domain", "..\Patient.Domain\Patient.Domain.csproj", "{8991C1F5-553B-409B-983B-8DB07965B3CB}"
EndProject
Project("{9A19103F-16F7-4668-BE54-9A1E7A4F7556}") = "Patient.Infrastructure", "..\Patient.Infrastructure\Patient.Infrastructure.csproj", "{FCB923B0-6808-4C2A-9898-658807A52A9A}"
EndProject
Project("{9A19103F-16F7-4668-BE54-9A1E7A4F7556}") = "Patient.Application", "..\Patient.Application\Patient.Application.csproj", "{B3256E7B-4591-451F-BEBA-E8BB95BD745D}"
EndProject
Project("{FAE04EC0-301F-11D3-BF4B-00C04F79EFBC}") = "Patient.Test", "..\Patient.Test\Patient.Test.csproj", "{190346F0-A3D8-4FED-BADA-83C08D66E95E}"
EndProject
Global
	GlobalSection(SolutionConfigurationPlatforms) = preSolution
		Debug|Any CPU = Debug|Any CPU
		Release|Any CPU = Release|Any CPU
	EndGlobalSection
	GlobalSection(ProjectConfigurationPlatforms) = postSolution
		{5625FFB3-DFCD-40B3-9DCB-B3D61F69501E}.Debug|Any CPU.ActiveCfg = Debug|Any CPU
		{5625FFB3-DFCD-40B3-9DCB-B3D61F69501E}.Debug|Any CPU.Build.0 = Debug|Any CPU
		{5625FFB3-DFCD-40B3-9DCB-B3D61F69501E}.Release|Any CPU.ActiveCfg = Release|Any CPU
		{5625FFB3-DFCD-40B3-9DCB-B3D61F69501E}.Release|Any CPU.Build.0 = Release|Any CPU
		{8991C1F5-553B-409B-983B-8DB07965B3CB}.Debug|Any CPU.ActiveCfg = Debug|Any CPU
		{8991C1F5-553B-409B-983B-8DB07965B3CB}.Debug|Any CPU.Build.0 = Debug|Any CPU
		{8991C1F5-553B-409B-983B-8DB07965B3CB}.Release|Any CPU.ActiveCfg = Release|Any CPU
		{8991C1F5-553B-409B-983B-8DB07965B3CB}.Release|Any CPU.Build.0 = Release|Any CPU
		{FCB923B0-6808-4C2A-9898-658807A52A9A}.Debug|Any CPU.ActiveCfg = Debug|Any CPU
		{FCB923B0-6808-4C2A-9898-658807A52A9A}.Debug|Any CPU.Build.0 = Debug|Any CPU
		{FCB923B0-6808-4C2A-9898-658807A52A9A}.Release|Any CPU.ActiveCfg = Release|Any CPU
		{FCB923B0-6808-4C2A-9898-658807A52A9A}.Release|Any CPU.Build.0 = Release|Any CPU
		{B3256E7B-4591-451F-BEBA-E8BB95BD745D}.Debug|Any CPU.ActiveCfg = Debug|Any CPU
		{B3256E7B-4591-451F-BEBA-E8BB95BD745D}.Debug|Any CPU.Build.0 = Debug|Any CPU
		{B3256E7B-4591-451F-BEBA-E8BB95BD745D}.Release|Any CPU.ActiveCfg = Release|Any CPU
		{B3256E7B-4591-451F-BEBA-E8BB95BD745D}.Release|Any CPU.Build.0 = Release|Any CPU
		{190346F0-A3D8-4FED-BADA-83C08D66E95E}.Debug|Any CPU.ActiveCfg = Debug|Any CPU
		{190346F0-A3D8-4FED-BADA-83C08D66E95E}.Debug|Any CPU.Build.0 = Debug|Any CPU
		{190346F0-A3D8-4FED-BADA-83C08D66E95E}.Release|Any CPU.ActiveCfg = Release|Any CPU
		{190346F0-A3D8-4FED-BADA-83C08D66E95E}.Release|Any CPU.Build.0 = Release|Any CPU
	EndGlobalSection
	GlobalSection(SolutionProperties) = preSolution
		HideSolutionNode = FALSE
	EndGlobalSection
	GlobalSection(ExtensibilityGlobals) = postSolution
		SolutionGuid = {4060DF8D-AF93-4772-8030-632FF6A2E4EE}
	EndGlobalSection
EndGlobal
